
Microsoft Visual Studio Solution File, Format Version 12.00
# Visual Studio 15
VisualStudioVersion = 15.0.28307.1062
MinimumVisualStudioVersion = 10.0.40219.1
Project("{FAE04EC0-301F-11D3-BF4B-00C04F79EFBC}") = "clear-directory", "clear-directory\clear-directory.csproj", "{91EDB51B-EC92-4796-8ED4-33D13CFCE199}"
EndProject
Global
	GlobalSection(SolutionConfigurationPlatforms) = preSolution
		Debug|Any CPU = Debug|Any CPU
		Release|Any CPU = Release|Any CPU
	EndGlobalSection
	GlobalSection(ProjectConfigurationPlatforms) = postSolution
		{91EDB51B-EC92-4796-8ED4-33D13CFCE199}.Debug|Any CPU.ActiveCfg = Debug|Any CPU
		{91EDB51B-EC92-4796-8ED4-33D13CFCE199}.Debug|Any CPU.Build.0 = Debug|Any CPU
		{91EDB51B-EC92-4796-8ED4-33D13CFCE199}.Release|Any CPU.ActiveCfg = Release|Any CPU
		{91EDB51B-EC92-4796-8ED4-33D13CFCE199}.Release|Any CPU.Build.0 = Release|Any CPU
	EndGlobalSection
	GlobalSection(SolutionProperties) = preSolution
		HideSolutionNode = FALSE
	EndGlobalSection
	GlobalSection(ExtensibilityGlobals) = postSolution
		SolutionGuid = {B6CC1E54-5E0F-4533-939C-812A038015A6}
	EndGlobalSection
EndGlobal
